PODS:
  - CocoaLumberjack (2.2.0):
    - CocoaLumberjack/Default (= 2.2.0)
    - CocoaLumberjack/Extensions (= 2.2.0)
  - CocoaLumberjack/Core (2.2.0)
  - CocoaLumberjack/Default (2.2.0):
    - CocoaLumberjack/Core
  - CocoaLumberjack/Extensions (2.2.0):
    - CocoaLumberjack/Default
  - KIF (3.4.1):
    - KIF/Core (= 3.4.1)
  - KIF/Core (3.4.1)

DEPENDENCIES:
  - CocoaLumberjack
  - KIF

SPEC CHECKSUMS:
  CocoaLumberjack: 17fe8581f84914d5d7e6360f7c70022b173c3ae0
  KIF: 2275c6d59c77e5e56f660f006b99d73780130540

PODFILE CHECKSUM: 7e7c97e28945d948e0e920bb56709d815cbd147b

COCOAPODS: 1.0.0.beta.4
